
Microsoft Visual Studio Solution File, Format Version 12.00
# Visual Studio 15
VisualStudioVersion = 15.0.27130.2036
MinimumVisualStudioVersion = 10.0.40219.1
Project("{FAE04EC0-301F-11D3-BF4B-00C04F79EFBC}") = "Data", "Data\Data.csproj", "{6DD3E7B7-A256-4140-8AAE-1DAC8F8CA551}"
EndProject
Project("{FAE04EC0-301F-11D3-BF4B-00C04F79EFBC}") = "Logic", "Logic\Logic.csproj", "{D86A6ADC-DC65-431F-A810-8D6CE3CCA409}"
EndProject
Project("{FAE04EC0-301F-11D3-BF4B-00C04F79EFBC}") = "Api", "Api\Api.csproj", "{32E63B0E-5AD8-4DC9-9E56-900A9A4C19CD}"
EndProject
Project("{FAE04EC0-301F-11D3-BF4B-00C04F79EFBC}") = "Models", "Models\Models.csproj", "{F3C1D74B-0693-439D-87B1-EDB6C323941E}"
EndProject
Global
	GlobalSection(SolutionConfigurationPlatforms) = preSolution
		Azure|Any CPU = Azure|Any CPU
		Debug|Any CPU = Debug|Any CPU
		Release|Any CPU = Release|Any CPU
	EndGlobalSection
	GlobalSection(ProjectConfigurationPlatforms) = postSolution
		{6DD3E7B7-A256-4140-8AAE-1DAC8F8CA551}.Azure|Any CPU.ActiveCfg = Azure|Any CPU
		{6DD3E7B7-A256-4140-8AAE-1DAC8F8CA551}.Azure|Any CPU.Build.0 = Azure|Any CPU
		{6DD3E7B7-A256-4140-8AAE-1DAC8F8CA551}.Debug|Any CPU.ActiveCfg = Debug|Any CPU
		{6DD3E7B7-A256-4140-8AAE-1DAC8F8CA551}.Debug|Any CPU.Build.0 = Debug|Any CPU
		{6DD3E7B7-A256-4140-8AAE-1DAC8F8CA551}.Release|Any CPU.ActiveCfg = Release|Any CPU
		{6DD3E7B7-A256-4140-8AAE-1DAC8F8CA551}.Release|Any CPU.Build.0 = Release|Any CPU
		{D86A6ADC-DC65-431F-A810-8D6CE3CCA409}.Azure|Any CPU.ActiveCfg = Azure|Any CPU
		{D86A6ADC-DC65-431F-A810-8D6CE3CCA409}.Azure|Any CPU.Build.0 = Azure|Any CPU
		{D86A6ADC-DC65-431F-A810-8D6CE3CCA409}.Debug|Any CPU.ActiveCfg = Debug|Any CPU
		{D86A6ADC-DC65-431F-A810-8D6CE3CCA409}.Debug|Any CPU.Build.0 = Debug|Any CPU
		{D86A6ADC-DC65-431F-A810-8D6CE3CCA409}.Release|Any CPU.ActiveCfg = Release|Any CPU
		{D86A6ADC-DC65-431F-A810-8D6CE3CCA409}.Release|Any CPU.Build.0 = Release|Any CPU
		{32E63B0E-5AD8-4DC9-9E56-900A9A4C19CD}.Azure|Any CPU.ActiveCfg = Azure|Any CPU
		{32E63B0E-5AD8-4DC9-9E56-900A9A4C19CD}.Azure|Any CPU.Build.0 = Azure|Any CPU
		{32E63B0E-5AD8-4DC9-9E56-900A9A4C19CD}.Debug|Any CPU.ActiveCfg = Debug|Any CPU
		{32E63B0E-5AD8-4DC9-9E56-900A9A4C19CD}.Debug|Any CPU.Build.0 = Debug|Any CPU
		{32E63B0E-5AD8-4DC9-9E56-900A9A4C19CD}.Release|Any CPU.ActiveCfg = Release|Any CPU
		{32E63B0E-5AD8-4DC9-9E56-900A9A4C19CD}.Release|Any CPU.Build.0 = Release|Any CPU
		{F3C1D74B-0693-439D-87B1-EDB6C323941E}.Azure|Any CPU.ActiveCfg = Azure|Any CPU
		{F3C1D74B-0693-439D-87B1-EDB6C323941E}.Azure|Any CPU.Build.0 = Azure|Any CPU
		{F3C1D74B-0693-439D-87B1-EDB6C323941E}.Debug|Any CPU.ActiveCfg = Debug|Any CPU
		{F3C1D74B-0693-439D-87B1-EDB6C323941E}.Debug|Any CPU.Build.0 = Debug|Any CPU
		{F3C1D74B-0693-439D-87B1-EDB6C323941E}.Release|Any CPU.ActiveCfg = Release|Any CPU
		{F3C1D74B-0693-439D-87B1-EDB6C323941E}.Release|Any CPU.Build.0 = Release|Any CPU
	EndGlobalSection
	GlobalSection(SolutionProperties) = preSolution
		HideSolutionNode = FALSE
	EndGlobalSection
	GlobalSection(ExtensibilityGlobals) = postSolution
		SolutionGuid = {7F195DA8-A12D-4C86-BDEC-4E7B145C1872}
	EndGlobalSection
EndGlobal
